// !$*UTF8*$!
{
	archiveVersion = 1;
	classes = {
	};
	objectVersion = 48;
	objects = {

/* Begin PBXBuildFile section */
		95A3AAFB4D2AA0899F33132D /* Pods_HomeService.framework in Frameworks */ = {isa = PBXBuildFile; fileRef = E766EAE74F3E9608AD11A17E /* Pods_HomeService.framework */; };
		CE49FCF0207029F200410159 /* LoginViewController.swift in Sources */ = {isa = PBXBuildFile; fileRef = CE49FCEF207029F200410159 /* LoginViewController.swift */; };
		CE49FCF22071084700410159 /* LaunchScreenVC.swift in Sources */ = {isa = PBXBuildFile; fileRef = CE49FCF12071084700410159 /* LaunchScreenVC.swift */; };
		CE49FCF520766E5200410159 /* HomeViewController.swift in Sources */ = {isa = PBXBuildFile; fileRef = CE49FCF420766E5200410159 /* HomeViewController.swift */; };
		CE49FCF82078E96C00410159 /* HSUrl.swift in Sources */ = {isa = PBXBuildFile; fileRef = CE49FCF72078E96C00410159 /* HSUrl.swift */; };
		CE49FCFA207AA15100410159 /* HSNetworkManager.swift in Sources */ = {isa = PBXBuildFile; fileRef = CE49FCF9207AA15000410159 /* HSNetworkManager.swift */; };
		CE49FCFE207AA26500410159 /* HSRegitserModel.swift in Sources */ = {isa = PBXBuildFile; fileRef = CE49FCFD207AA26500410159 /* HSRegitserModel.swift */; };
		CE49FD00207D479100410159 /* OTPViewController.swift in Sources */ = {isa = PBXBuildFile; fileRef = CE49FCFF207D479100410159 /* OTPViewController.swift */; };
		CE555F6720865F4200C2454C /* extension.swift in Sources */ = {isa = PBXBuildFile; fileRef = CE555F6620865F4200C2454C /* extension.swift */; };
		CE7B9669206D7EEE0066D36E /* AppDelegate.swift in Sources */ = {isa = PBXBuildFile; fileRef = CE7B9668206D7EEE0066D36E /* AppDelegate.swift */; };
		CE7B966B206D7EEE0066D36E /* ViewController.swift in Sources */ = {isa = PBXBuildFile; fileRef = CE7B966A206D7EEE0066D36E /* ViewController.swift */; };
		CE7B966E206D7EEE0066D36E /* Main.storyboard in Resources */ = {isa = PBXBuildFile; fileRef = CE7B966C206D7EEE0066D36E /* Main.storyboard */; };
		CE7B9670206D7EEE0066D36E /* Assets.xcassets in Resources */ = {isa = PBXBuildFile; fileRef = CE7B966F206D7EEE0066D36E /* Assets.xcassets */; };
		CE7B9673206D7EEE0066D36E /* LaunchScreen.storyboard in Resources */ = {isa = PBXBuildFile; fileRef = CE7B9671206D7EEE0066D36E /* LaunchScreen.storyboard */; };
		CE7B9681206FB3CE0066D36E /* OnboardingTutorialView.swift in Sources */ = {isa = PBXBuildFile; fileRef = CE7B9680206FB3CE0066D36E /* OnboardingTutorialView.swift */; };
		CE7B9683206FBCC60066D36E /* Constants.swift in Sources */ = {isa = PBXBuildFile; fileRef = CE7B9682206FBCC50066D36E /* Constants.swift */; };
		CED33A70207F9DF70090E4B4 /* UserRegister.swift in Sources */ = {isa = PBXBuildFile; fileRef = CED33A6F207F9DF60090E4B4 /* UserRegister.swift */; };
/* End PBXBuildFile section */

/* Begin PBXFileReference section */
		19AA99CB8FCA630D35DD2863 /* Pods-HomeService.release.xcconfig */ = {isa = PBXFileReference; includeInIndex = 1; lastKnownFileType = text.xcconfig; name = "Pods-HomeService.release.xcconfig"; path = "Pods/Target Support Files/Pods-HomeService/Pods-HomeService.release.xcconfig"; sourceTree = "<group>"; };
		216D897DB83DE2EC536B58F6 /* Pods-HomeService.debug.xcconfig */ = {isa = PBXFileReference; includeInIndex = 1; lastKnownFileType = text.xcconfig; name = "Pods-HomeService.debug.xcconfig"; path = "Pods/Target Support Files/Pods-HomeService/Pods-HomeService.debug.xcconfig"; sourceTree = "<group>"; };
		CE49FCEF207029F200410159 /* LoginViewController.swift */ = {isa = PBXFileReference; lastKnownFileType = sourcecode.swift; path = LoginViewController.swift; sourceTree = "<group>"; };
		CE49FCF12071084700410159 /* LaunchScreenVC.swift */ = {isa = PBXFileReference; lastKnownFileType = sourcecode.swift; path = LaunchScreenVC.swift; sourceTree = "<group>"; };
		CE49FCF420766E5200410159 /* HomeViewController.swift */ = {isa = PBXFileReference; lastKnownFileType = sourcecode.swift; path = HomeViewController.swift; sourceTree = "<group>"; };
		CE49FCF72078E96C00410159 /* HSUrl.swift */ = {isa = PBXFileReference; lastKnownFileType = sourcecode.swift; path = HSUrl.swift; sourceTree = "<group>"; };
		CE49FCF9207AA15000410159 /* HSNetworkManager.swift */ = {isa = PBXFileReference; lastKnownFileType = sourcecode.swift; path = HSNetworkManager.swift; sourceTree = "<group>"; };
		CE49FCFD207AA26500410159 /* HSRegitserModel.swift */ = {isa = PBXFileReference; lastKnownFileType = sourcecode.swift; path = HSRegitserModel.swift; sourceTree = "<group>"; };
		CE49FCFF207D479100410159 /* OTPViewController.swift */ = {isa = PBXFileReference; lastKnownFileType = sourcecode.swift; path = OTPViewController.swift; sourceTree = "<group>"; };
		CE555F6620865F4200C2454C /* extension.swift */ = {isa = PBXFileReference; lastKnownFileType = sourcecode.swift; path = extension.swift; sourceTree = "<group>"; };
		CE7B9665206D7EEE0066D36E /* HomeService.app */ = {isa = PBXFileReference; explicitFileType = wrapper.application; includeInIndex = 0; path = HomeService.app; sourceTree = BUILT_PRODUCTS_DIR; };
		CE7B9668206D7EEE0066D36E /* AppDelegate.swift */ = {isa = PBXFileReference; lastKnownFileType = sourcecode.swift; path = AppDelegate.swift; sourceTree = "<group>"; };
		CE7B966A206D7EEE0066D36E /* ViewController.swift */ = {isa = PBXFileReference; lastKnownFileType = sourcecode.swift; path = ViewController.swift; sourceTree = "<group>"; };
		CE7B966D206D7EEE0066D36E /* Base */ = {isa = PBXFileReference; lastKnownFileType = file.storyboard; name = Base; path = Base.lproj/Main.storyboard; sourceTree = "<group>"; };
		CE7B966F206D7EEE0066D36E /* Assets.xcassets */ = {isa = PBXFileReference; lastKnownFileType = folder.assetcatalog; path = Assets.xcassets; sourceTree = "<group>"; };
		CE7B9672206D7EEE0066D36E /* Base */ = {isa = PBXFileReference; lastKnownFileType = file.storyboard; name = Base; path = Base.lproj/LaunchScreen.storyboard; sourceTree = "<group>"; };
		CE7B9674206D7EEE0066D36E /* Info.plist */ = {isa = PBXFileReference; lastKnownFileType = text.plist.xml; path = Info.plist; sourceTree = "<group>"; };
		CE7B9680206FB3CE0066D36E /* OnboardingTutorialView.swift */ = {isa = PBXFileReference; lastKnownFileType = sourcecode.swift; path = OnboardingTutorialView.swift; sourceTree = "<group>"; };
		CE7B9682206FBCC50066D36E /* Constants.swift */ = {isa = PBXFileReference; lastKnownFileType = sourcecode.swift; path = Constants.swift; sourceTree = "<group>"; };
		CED33A6F207F9DF60090E4B4 /* UserRegister.swift */ = {isa = PBXFileReference; lastKnownFileType = sourcecode.swift; path = UserRegister.swift; sourceTree = "<group>"; };
		E766EAE74F3E9608AD11A17E /* Pods_HomeService.framework */ = {isa = PBXFileReference; explicitFileType = wrapper.framework; includeInIndex = 0; path = Pods_HomeService.framework; sourceTree = BUILT_PRODUCTS_DIR; };
/* End PBXFileReference section */

/* Begin PBXFrameworksBuildPhase section */
		CE7B9662206D7EEE0066D36E /* Frameworks */ = {
			isa = PBXFrameworksBuildPhase;
			buildActionMask = 2147483647;
			files = (
				95A3AAFB4D2AA0899F33132D /* Pods_HomeService.framework in Frameworks */,
			);
			runOnlyForDeploymentPostprocessing = 0;
		};
/* End PBXFrameworksBuildPhase section */

/* Begin PBXGroup section */
		53DBF7484AA417B4BF714527 /* Pods */ = {
			isa = PBXGroup;
			children = (
				216D897DB83DE2EC536B58F6 /* Pods-HomeService.debug.xcconfig */,
				19AA99CB8FCA630D35DD2863 /* Pods-HomeService.release.xcconfig */,
			);
			name = Pods;
			sourceTree = "<group>";
		};
		5C58FE9AE2322314437D0C80 /* Frameworks */ = {
			isa = PBXGroup;
			children = (
				E766EAE74F3E9608AD11A17E /* Pods_HomeService.framework */,
			);
			name = Frameworks;
			sourceTree = "<group>";
		};
		CE49FCEE206FFD6700410159 /* Login & Signup */ = {
			isa = PBXGroup;
			children = (
				CE49FCFC207AA24F00410159 /* Model */,
				CE49FCEF207029F200410159 /* LoginViewController.swift */,
				CE49FCFF207D479100410159 /* OTPViewController.swift */,
			);
			path = "Login & Signup";
			sourceTree = "<group>";
		};
		CE49FCF320766E3A00410159 /* Home */ = {
			isa = PBXGroup;
			children = (
				CE49FCF420766E5200410159 /* HomeViewController.swift */,
			);
			path = Home;
			sourceTree = "<group>";
		};
		CE49FCF62078E91C00410159 /* Utils */ = {
			isa = PBXGroup;
			children = (
				CE49FCF72078E96C00410159 /* HSUrl.swift */,
				CE49FCF9207AA15000410159 /* HSNetworkManager.swift */,
				CE555F6620865F4200C2454C /* extension.swift */,
			);
			path = Utils;
			sourceTree = "<group>";
		};
		CE49FCFB207AA24300410159 /* New Group */ = {
			isa = PBXGroup;
			children = (
			);
			path = "New Group";
			sourceTree = "<group>";
		};
		CE49FCFC207AA24F00410159 /* Model */ = {
			isa = PBXGroup;
			children = (
				CE49FCFD207AA26500410159 /* HSRegitserModel.swift */,
				CED33A6F207F9DF60090E4B4 /* UserRegister.swift */,
			);
			path = Model;
			sourceTree = "<group>";
		};
		CE7B965C206D7EEE0066D36E = {
			isa = PBXGroup;
			children = (
				CE7B9667206D7EEE0066D36E /* HomeService */,
				CE7B9666206D7EEE0066D36E /* Products */,
				53DBF7484AA417B4BF714527 /* Pods */,
				5C58FE9AE2322314437D0C80 /* Frameworks */,
			);
			sourceTree = "<group>";
		};
		CE7B9666206D7EEE0066D36E /* Products */ = {
			isa = PBXGroup;
			children = (
				CE7B9665206D7EEE0066D36E /* HomeService.app */,
			);
			name = Products;
			sourceTree = "<group>";
		};
		CE7B9667206D7EEE0066D36E /* HomeService */ = {
			isa = PBXGroup;
			children = (
				CE49FCFB207AA24300410159 /* New Group */,
				CE49FCF62078E91C00410159 /* Utils */,
				CE49FCF320766E3A00410159 /* Home */,
				CE49FCEE206FFD6700410159 /* Login & Signup */,
				CE7B967F206FB26E0066D36E /* Onboarding */,
				CE7B967C206E38140066D36E /* Launch Screen */,
				CE7B967E206E38420066D36E /* StoryBoards */,
				CE7B9668206D7EEE0066D36E /* AppDelegate.swift */,
				CE7B966A206D7EEE0066D36E /* ViewController.swift */,
				CE7B966F206D7EEE0066D36E /* Assets.xcassets */,
				CE7B9674206D7EEE0066D36E /* Info.plist */,
				CE7B9682206FBCC50066D36E /* Constants.swift */,
			);
			path = HomeService;
			sourceTree = "<group>";
		};
		CE7B967C206E38140066D36E /* Launch Screen */ = {
			isa = PBXGroup;
			children = (
				CE49FCF12071084700410159 /* LaunchScreenVC.swift */,
			);
			path = "Launch Screen";
			sourceTree = "<group>";
		};
		CE7B967E206E38420066D36E /* StoryBoards */ = {
			isa = PBXGroup;
			children = (
				CE7B966C206D7EEE0066D36E /* Main.storyboard */,
				CE7B9671206D7EEE0066D36E /* LaunchScreen.storyboard */,
			);
			path = StoryBoards;
			sourceTree = "<group>";
		};
		CE7B967F206FB26E0066D36E /* Onboarding */ = {
			isa = PBXGroup;
			children = (
				CE7B9680206FB3CE0066D36E /* OnboardingTutorialView.swift */,
			);
			path = Onboarding;
			sourceTree = "<group>";
		};
/* End PBXGroup section */

/* Begin PBXNativeTarget section */
		CE7B9664206D7EEE0066D36E /* HomeService */ = {
			isa = PBXNativeTarget;
			buildConfigurationList = CE7B9677206D7EEE0066D36E /* Build configuration list for PBXNativeTarget "HomeService" */;
			buildPhases = (
				3B112347CD1AABC6CFF2B2F1 /* [CP] Check Pods Manifest.lock */,
				CE7B9661206D7EEE0066D36E /* Sources */,
				CE7B9662206D7EEE0066D36E /* Frameworks */,
				CE7B9663206D7EEE0066D36E /* Resources */,
				D8758A2DB1B478EC778E7CDB /* [CP] Embed Pods Frameworks */,
				051712E3ABE5DEB9FDC4387F /* [CP] Copy Pods Resources */,
			);
			buildRules = (
			);
			dependencies = (
			);
			name = HomeService;
			productName = HomeService;
			productReference = CE7B9665206D7EEE0066D36E /* HomeService.app */;
			productType = "com.apple.product-type.application";
		};
/* End PBXNativeTarget section */

/* Begin PBXProject section */
		CE7B965D206D7EEE0066D36E /* Project object */ = {
			isa = PBXProject;
			attributes = {
				LastSwiftUpdateCheck = 0920;
				LastUpgradeCheck = 0920;
				ORGANIZATIONNAME = "Prashant Dwivedi";
				TargetAttributes = {
					CE7B9664206D7EEE0066D36E = {
						CreatedOnToolsVersion = 9.2;
						ProvisioningStyle = Automatic;
					};
				};
			};
			buildConfigurationList = CE7B9660206D7EEE0066D36E /* Build configuration list for PBXProject "HomeService" */;
			compatibilityVersion = "Xcode 8.0";
			developmentRegion = en;
			hasScannedForEncodings = 0;
			knownRegions = (
				en,
				Base,
			);
			mainGroup = CE7B965C206D7EEE0066D36E;
			productRefGroup = CE7B9666206D7EEE0066D36E /* Products */;
			projectDirPath = "";
			projectRoot = "";
			targets = (
				CE7B9664206D7EEE0066D36E /* HomeService */,
			);
		};
/* End PBXProject section */

/* Begin PBXResourcesBuildPhase section */
		CE7B9663206D7EEE0066D36E /* Resources */ = {
			isa = PBXResourcesBuildPhase;
			buildActionMask = 2147483647;
			files = (
				CE7B9673206D7EEE0066D36E /* LaunchScreen.storyboard in Resources */,
				CE7B9670206D7EEE0066D36E /* Assets.xcassets in Resources */,
				CE7B966E206D7EEE0066D36E /* Main.storyboard in Resources */,
			);
			runOnlyForDeploymentPostprocessing = 0;
		};
/* End PBXResourcesBuildPhase section */

/* Begin PBXShellScriptBuildPhase section */
		051712E3ABE5DEB9FDC4387F /* [CP] Copy Pods Resources */ = {
			isa = PBXShellScriptBuildPhase;
			buildActionMask = 2147483647;
			files = (
			);
			inputPaths = (
				"${SRCROOT}/Pods/Target Support Files/Pods-HomeService/Pods-HomeService-resources.sh",
				"${PODS_ROOT}/GoogleSignIn/Resources/GoogleSignIn.bundle",
			);
			name = "[CP] Copy Pods Resources";
			outputPaths = (
				"${TARGET_BUILD_DIR}/${UNLOCALIZED_RESOURCES_FOLDER_PATH}",
			);
			runOnlyForDeploymentPostprocessing = 0;
			shellPath = /bin/sh;
			shellScript = "\"${SRCROOT}/Pods/Target Support Files/Pods-HomeService/Pods-HomeService-resources.sh\"\n";
			showEnvVarsInLog = 0;
		};
		3B112347CD1AABC6CFF2B2F1 /* [CP] Check Pods Manifest.lock */ = {
			isa = PBXShellScriptBuildPhase;
			buildActionMask = 2147483647;
			files = (
			);
			inputPaths = (
				"${PODS_PODFILE_DIR_PATH}/Podfile.lock",
				"${PODS_ROOT}/Manifest.lock",
			);
			name = "[CP] Check Pods Manifest.lock";
			outputPaths = (
				"$(DERIVED_FILE_DIR)/Pods-HomeService-checkManifestLockResult.txt",
			);
			runOnlyForDeploymentPostprocessing = 0;
			shellPath = /bin/sh;
			shellScript = "diff \"${PODS_PODFILE_DIR_PATH}/Podfile.lock\" \"${PODS_ROOT}/Manifest.lock\" > /dev/null\nif [ $? != 0 ] ; then\n    # print error to STDERR\n    echo \"error: The sandbox is not in sync with the Podfile.lock. Run 'pod install' or update your CocoaPods installation.\" >&2\n    exit 1\nfi\n# This output is used by Xcode 'outputs' to avoid re-running this script phase.\necho \"SUCCESS\" > \"${SCRIPT_OUTPUT_FILE_0}\"\n";
			showEnvVarsInLog = 0;
		};
		D8758A2DB1B478EC778E7CDB /* [CP] Embed Pods Frameworks */ = {
			isa = PBXShellScriptBuildPhase;
			buildActionMask = 2147483647;
			files = (
			);
			inputPaths = (
				"${SRCROOT}/Pods/Target Support Files/Pods-HomeService/Pods-HomeService-frameworks.sh",
				"${BUILT_PRODUCTS_DIR}/Alamofire/Alamofire.framework",
				"${BUILT_PRODUCTS_DIR}/AlamofireObjectMapper/AlamofireObjectMapper.framework",
				"${BUILT_PRODUCTS_DIR}/Bolts/Bolts.framework",
				"${BUILT_PRODUCTS_DIR}/FBSDKCoreKit/FBSDKCoreKit.framework",
				"${BUILT_PRODUCTS_DIR}/FBSDKLoginKit/FBSDKLoginKit.framework",
				"${BUILT_PRODUCTS_DIR}/FBSDKShareKit/FBSDKShareKit.framework",
				"${BUILT_PRODUCTS_DIR}/FacebookCore/FacebookCore.framework",
				"${BUILT_PRODUCTS_DIR}/FacebookLogin/FacebookLogin.framework",
				"${BUILT_PRODUCTS_DIR}/FacebookShare/FacebookShare.framework",
				"${BUILT_PRODUCTS_DIR}/GTMOAuth2/GTMOAuth2.framework",
				"${BUILT_PRODUCTS_DIR}/GTMSessionFetcher/GTMSessionFetcher.framework",
				"${BUILT_PRODUCTS_DIR}/GoogleToolboxForMac/GoogleToolboxForMac.framework",
				"${BUILT_PRODUCTS_DIR}/Hero/Hero.framework",
				"${BUILT_PRODUCTS_DIR}/ObjectMapper/ObjectMapper.framework",
				"${BUILT_PRODUCTS_DIR}/SwiftyJSON/SwiftyJSON.framework",
				"${BUILT_PRODUCTS_DIR}/paper-onboarding/paper_onboarding.framework",
			);
			name = "[CP] Embed Pods Frameworks";
			outputPaths = (
				"${TARGET_BUILD_DIR}/${FRAMEWORKS_FOLDER_PATH}/Alamofire.framework",
				"${TARGET_BUILD_DIR}/${FRAMEWORKS_FOLDER_PATH}/AlamofireObjectMapper.framework",
				"${TARGET_BUILD_DIR}/${FRAMEWORKS_FOLDER_PATH}/Bolts.framework",
				"${TARGET_BUILD_DIR}/${FRAMEWORKS_FOLDER_PATH}/FBSDKCoreKit.framework",
				"${TARGET_BUILD_DIR}/${FRAMEWORKS_FOLDER_PATH}/FBSDKLoginKit.framework",
				"${TARGET_BUILD_DIR}/${FRAMEWORKS_FOLDER_PATH}/FBSDKShareKit.framework",
				"${TARGET_BUILD_DIR}/${FRAMEWORKS_FOLDER_PATH}/FacebookCore.framework",
				"${TARGET_BUILD_DIR}/${FRAMEWORKS_FOLDER_PATH}/FacebookLogin.framework",
				"${TARGET_BUILD_DIR}/${FRAMEWORKS_FOLDER_PATH}/FacebookShare.framework",
				"${TARGET_BUILD_DIR}/${FRAMEWORKS_FOLDER_PATH}/GTMOAuth2.framework",
				"${TARGET_BUILD_DIR}/${FRAMEWORKS_FOLDER_PATH}/GTMSessionFetcher.framework",
				"${TARGET_BUILD_DIR}/${FRAMEWORKS_FOLDER_PATH}/GoogleToolboxForMac.framework",
				"${TARGET_BUILD_DIR}/${FRAMEWORKS_FOLDER_PATH}/Hero.framework",
				"${TARGET_BUILD_DIR}/${FRAMEWORKS_FOLDER_PATH}/ObjectMapper.framework",
				"${TARGET_BUILD_DIR}/${FRAMEWORKS_FOLDER_PATH}/SwiftyJSON.framework",
				"${TARGET_BUILD_DIR}/${FRAMEWORKS_FOLDER_PATH}/paper_onboarding.framework",
			);
			runOnlyForDeploymentPostprocessing = 0;
			shellPath = /bin/sh;
			shellScript = "\"${SRCROOT}/Pods/Target Support Files/Pods-HomeService/Pods-HomeService-frameworks.sh\"\n";
			showEnvVarsInLog = 0;
		};
/* End PBXShellScriptBuildPhase section */

/* Begin PBXSourcesBuildPhase section */
		CE7B9661206D7EEE0066D36E /* Sources */ = {
			isa = PBXSourcesBuildPhase;
			buildActionMask = 2147483647;
			files = (
				CE49FCF0207029F200410159 /* LoginViewController.swift in Sources */,
				CE7B9683206FBCC60066D36E /* Constants.swift in Sources */,
				CE7B966B206D7EEE0066D36E /* ViewController.swift in Sources */,
				CE7B9681206FB3CE0066D36E /* OnboardingTutorialView.swift in Sources */,
				CE49FCF82078E96C00410159 /* HSUrl.swift in Sources */,
				CE7B9669206D7EEE0066D36E /* AppDelegate.swift in Sources */,
				CE49FD00207D479100410159 /* OTPViewController.swift in Sources */,
				CE49FCF520766E5200410159 /* HomeViewController.swift in Sources */,
				CE555F6720865F4200C2454C /* extension.swift in Sources */,
				CE49FCF22071084700410159 /* LaunchScreenVC.swift in Sources */,
				CED33A70207F9DF70090E4B4 /* UserRegister.swift in Sources */,
				CE49FCFA207AA15100410159 /* HSNetworkManager.swift in Sources */,
				CE49FCFE207AA26500410159 /* HSRegitserModel.swift in Sources */,
			);
			runOnlyForDeploymentPostprocessing = 0;
		};
/* End PBXSourcesBuildPhase section */

/* Begin PBXVariantGroup section */
		CE7B966C206D7EEE0066D36E /* Main.storyboard */ = {
			isa = PBXVariantGroup;
			children = (
				CE7B966D206D7EEE0066D36E /* Base */,
			);
			name = Main.storyboard;
			sourceTree = "<group>";
		};
		CE7B9671206D7EEE0066D36E /* LaunchScreen.storyboard */ = {
			isa = PBXVariantGroup;
			children = (
				CE7B9672206D7EEE0066D36E /* Base */,
			);
			name = LaunchScreen.storyboard;
			sourceTree = "<group>";
		};
/* End PBXVariantGroup section */

/* Begin XCBuildConfiguration section */
		CE7B9675206D7EEE0066D36E /* Debug */ = {
			isa = XCBuildConfiguration;
			buildSettings = {
				ALWAYS_SEARCH_USER_PATHS = NO;
				CLANG_ANALYZER_NONNULL = YES;
				CLANG_ANALYZER_NUMBER_OBJECT_CONVERSION = YES_AGGRESSIVE;
				CLANG_CXX_LANGUAGE_STANDARD = "gnu++14";
				CLANG_CXX_LIBRARY = "libc++";
				CLANG_ENABLE_MODULES = YES;
				CLANG_ENABLE_OBJC_ARC = YES;
				CLANG_WARN_BLOCK_CAPTURE_AUTORELEASING = YES;
				CLANG_WARN_BOOL_CONVERSION = YES;
				CLANG_WARN_COMMA = YES;
				CLANG_WARN_CONSTANT_CONVERSION = YES;
				CLANG_WARN_DIRECT_OBJC_ISA_USAGE = YES_ERROR;
				CLANG_WARN_DOCUMENTATION_COMMENTS = YES;
				CLANG_WARN_EMPTY_BODY = YES;
				CLANG_WARN_ENUM_CONVERSION = YES;
				CLANG_WARN_INFINITE_RECURSION = YES;
				CLANG_WARN_INT_CONVERSION = YES;
				CLANG_WARN_NON_LITERAL_NULL_CONVERSION = YES;
				CLANG_WARN_OBJC_LITERAL_CONVERSION = YES;
				CLANG_WARN_OBJC_ROOT_CLASS = YES_ERROR;
				CLANG_WARN_RANGE_LOOP_ANALYSIS = YES;
				CLANG_WARN_STRICT_PROTOTYPES = YES;
				CLANG_WARN_SUSPICIOUS_MOVE = YES;
				CLANG_WARN_UNGUARDED_AVAILABILITY = YES_AGGRESSIVE;
				CLANG_WARN_UNREACHABLE_CODE = YES;
				CLANG_WARN__DUPLICATE_METHOD_MATCH = YES;
				CODE_SIGN_IDENTITY = "iPhone Developer";
				COPY_PHASE_STRIP = NO;
				DEBUG_INFORMATION_FORMAT = dwarf;
				ENABLE_STRICT_OBJC_MSGSEND = YES;
				ENABLE_TESTABILITY = YES;
				GCC_C_LANGUAGE_STANDARD = gnu11;
				GCC_DYNAMIC_NO_PIC = NO;
				GCC_NO_COMMON_BLOCKS = YES;
				GCC_OPTIMIZATION_LEVEL = 0;
				GCC_PREPROCESSOR_DEFINITIONS = (
					"DEBUG=1",
					"$(inherited)",
				);
				GCC_WARN_64_TO_32_BIT_CONVERSION = YES;
				GCC_WARN_ABOUT_RETURN_TYPE = YES_ERROR;
				GCC_WARN_UNDECLARED_SELECTOR = YES;
				GCC_WARN_UNINITIALIZED_AUTOS = YES_AGGRESSIVE;
				GCC_WARN_UNUSED_FUNCTION = YES;
				GCC_WARN_UNUSED_VARIABLE = YES;
				IPHONEOS_DEPLOYMENT_TARGET = 11.2;
				MTL_ENABLE_DEBUG_INFO = YES;
				ONLY_ACTIVE_ARCH = YES;
				SDKROOT = iphoneos;
				SWIFT_ACTIVE_COMPILATION_CONDITIONS = DEBUG;
				SWIFT_OPTIMIZATION_LEVEL = "-Onone";
			};
			name = Debug;
		};
		CE7B9676206D7EEE0066D36E /* Release */ = {
			isa = XCBuildConfiguration;
			buildSettings = {
				ALWAYS_SEARCH_USER_PATHS = NO;
				CLANG_ANALYZER_NONNULL = YES;
				CLANG_ANALYZER_NUMBER_OBJECT_CONVERSION = YES_AGGRESSIVE;
				CLANG_CXX_LANGUAGE_STANDARD = "gnu++14";
				CLANG_CXX_LIBRARY = "libc++";
				CLANG_ENABLE_MODULES = YES;
				CLANG_ENABLE_OBJC_ARC = YES;
				CLANG_WARN_BLOCK_CAPTURE_AUTORELEASING = YES;
				CLANG_WARN_BOOL_CONVERSION = YES;
				CLANG_WARN_COMMA = YES;
				CLANG_WARN_CONSTANT_CONVERSION = YES;
				CLANG_WARN_DIRECT_OBJC_ISA_USAGE = YES_ERROR;
				CLANG_WARN_DOCUMENTATION_COMMENTS = YES;
				CLANG_WARN_EMPTY_BODY = YES;
				CLANG_WARN_ENUM_CONVERSION = YES;
				CLANG_WARN_INFINITE_RECURSION = YES;
				CLANG_WARN_INT_CONVERSION = YES;
				CLANG_WARN_NON_LITERAL_NULL_CONVERSION = YES;
				CLANG_WARN_OBJC_LITERAL_CONVERSION = YES;
				CLANG_WARN_OBJC_ROOT_CLASS = YES_ERROR;
				CLANG_WARN_RANGE_LOOP_ANALYSIS = YES;
				CLANG_WARN_STRICT_PROTOTYPES = YES;
				CLANG_WARN_SUSPICIOUS_MOVE = YES;
				CLANG_WARN_UNGUARDED_AVAILABILITY = YES_AGGRESSIVE;
				CLANG_WARN_UNREACHABLE_CODE = YES;
				CLANG_WARN__DUPLICATE_METHOD_MATCH = YES;
				CODE_SIGN_IDENTITY = "iPhone Developer";
				COPY_PHASE_STRIP = NO;
				DEBUG_INFORMATION_FORMAT = "dwarf-with-dsym";
				ENABLE_NS_ASSERTIONS = NO;
				ENABLE_STRICT_OBJC_MSGSEND = YES;
				GCC_C_LANGUAGE_STANDARD = gnu11;
				GCC_NO_COMMON_BLOCKS = YES;
				GCC_WARN_64_TO_32_BIT_CONVERSION = YES;
				GCC_WARN_ABOUT_RETURN_TYPE = YES_ERROR;
				GCC_WARN_UNDECLARED_SELECTOR = YES;
				GCC_WARN_UNINITIALIZED_AUTOS = YES_AGGRESSIVE;
				GCC_WARN_UNUSED_FUNCTION = YES;
				GCC_WARN_UNUSED_VARIABLE = YES;
				IPHONEOS_DEPLOYMENT_TARGET = 11.2;
				MTL_ENABLE_DEBUG_INFO = NO;
				SDKROOT = iphoneos;
				SWIFT_OPTIMIZATION_LEVEL = "-Owholemodule";
				VALIDATE_PRODUCT = YES;
			};
			name = Release;
		};
		CE7B9678206D7EEE0066D36E /* Debug */ = {
			isa = XCBuildConfiguration;
			baseConfigurationReference = 216D897DB83DE2EC536B58F6 /* Pods-HomeService.debug.xcconfig */;
			buildSettings = {
				ASSETCATALOG_COMPILER_APPICON_NAME = AppIcon;
				"CODE_SIGN_IDENTITY[sdk=iphoneos*]" = "iPhone Developer";
				CODE_SIGN_STYLE = Automatic;
				DEVELOPMENT_TEAM = 4U5554WP3S;
				FRAMEWORK_SEARCH_PATHS = (
					"$(inherited)",
					"\"$PODS_CONFIGURATION_BUILD_DIR/Hero\"",
					"\"$PODS_CONFIGURATION_BUILD_DIR/paper-onboarding\"",
				);
				INFOPLIST_FILE = HomeService/Info.plist;
				IPHONEOS_DEPLOYMENT_TARGET = 9.0;
				LD_RUNPATH_SEARCH_PATHS = "$(inherited) @executable_path/Frameworks";
				PRODUCT_BUNDLE_IDENTIFIER = com.B2C.HomeService;
				PRODUCT_NAME = "$(TARGET_NAME)";
				PROVISIONING_PROFILE_SPECIFIER = "";
				SWIFT_VERSION = 4.0;
				TARGETED_DEVICE_FAMILY = "1,2";
			};
			name = Debug;
		};
		CE7B9679206D7EEE0066D36E /* Release */ = {
			isa = XCBuildConfiguration;
			baseConfigurationReference = 19AA99CB8FCA630D35DD2863 /* Pods-HomeService.release.xcconfig */;
			buildSettings = {
				ASSETCATALOG_COMPILER_APPICON_NAME = AppIcon;
				"CODE_SIGN_IDENTITY[sdk=iphoneos*]" = "iPhone Developer";
				CODE_SIGN_STYLE = Automatic;
				DEVELOPMENT_TEAM = 4U5554WP3S;
				INFOPLIST_FILE = HomeService/Info.plist;
				IPHONEOS_DEPLOYMENT_TARGET = 9.0;
				LD_RUNPATH_SEARCH_PATHS = "$(inherited) @executable_path/Frameworks";
				PRODUCT_BUNDLE_IDENTIFIER = com.B2C.HomeService;
				PRODUCT_NAME = "$(TARGET_NAME)";
				PROVISIONING_PROFILE_SPECIFIER = "";
				SWIFT_VERSION = 4.0;
				TARGETED_DEVICE_FAMILY = "1,2";
			};
			name = Release;
		};
/* End XCBuildConfiguration section */

/* Begin XCConfigurationList section */
		CE7B9660206D7EEE0066D36E /* Build configuration list for PBXProject "HomeService" */ = {
			isa = XCConfigurationList;
			buildConfigurations = (
				CE7B9675206D7EEE0066D36E /* Debug */,
				CE7B9676206D7EEE0066D36E /* Release */,
			);
			defaultConfigurationIsVisible = 0;
			defaultConfigurationName = Release;
		};
		CE7B9677206D7EEE0066D36E /* Build configuration list for PBXNativeTarget "HomeService" */ = {
			isa = XCConfigurationList;
			buildConfigurations = (
				CE7B9678206D7EEE0066D36E /* Debug */,
				CE7B9679206D7EEE0066D36E /* Release */,
			);
			defaultConfigurationIsVisible = 0;
			defaultConfigurationName = Release;
		};
/* End XCConfigurationList section */
	};
	rootObject = CE7B965D206D7EEE0066D36E /* Project object */;
}
